// !$*UTF8*$!
{
	archiveVersion = 1;
	classes = {
	};
	objectVersion = 48;
	objects = {

/* Begin PBXBuildFile section */
		2160417020DA3FCD002C3582 /* NotificationService.swift in Sources */ = {isa = PBXBuildFile; fileRef = 2160416F20DA3FCD002C3582 /* NotificationService.swift */; };
		2160417420DA3FCD002C3582 /* NotificationService.appex in Embed App Extensions */ = {isa = PBXBuildFile; fileRef = 2160416D20DA3FCD002C3582 /* NotificationService.appex */; settings = {ATTRIBUTES = (RemoveHeadersOnCopy, ); }; };
		2160418020DA3FE5002C3582 /* UserNotifications.framework in Frameworks */ = {isa = PBXBuildFile; fileRef = 2160417F20DA3FE5002C3582 /* UserNotifications.framework */; };
		2160418220DA3FE5002C3582 /* UserNotificationsUI.framework in Frameworks */ = {isa = PBXBuildFile; fileRef = 2160418120DA3FE5002C3582 /* UserNotificationsUI.framework */; };
		2160418520DA3FE5002C3582 /* NotificationViewController.swift in Sources */ = {isa = PBXBuildFile; fileRef = 2160418420DA3FE5002C3582 /* NotificationViewController.swift */; };
		2160418820DA3FE5002C3582 /* MainInterface.storyboard in Resources */ = {isa = PBXBuildFile; fileRef = 2160418620DA3FE5002C3582 /* MainInterface.storyboard */; };
		2160418C20DA3FE5002C3582 /* NotificationContent.appex in Embed App Extensions */ = {isa = PBXBuildFile; fileRef = 2160417D20DA3FE4002C3582 /* NotificationContent.appex */; settings = {ATTRIBUTES = (RemoveHeadersOnCopy, ); }; };
		2160419120DA4D39002C3582 /* NotificationDelegate.swift in Sources */ = {isa = PBXBuildFile; fileRef = 2160419020DA4D39002C3582 /* NotificationDelegate.swift */; };
		218F5D3820CA55A500328976 /* AppDelegate.swift in Sources */ = {isa = PBXBuildFile; fileRef = 218F5D3720CA55A500328976 /* AppDelegate.swift */; };
		218F5D3A20CA55A500328976 /* ViewController.swift in Sources */ = {isa = PBXBuildFile; fileRef = 218F5D3920CA55A500328976 /* ViewController.swift */; };
		218F5D3D20CA55A500328976 /* Main.storyboard in Resources */ = {isa = PBXBuildFile; fileRef = 218F5D3B20CA55A500328976 /* Main.storyboard */; };
		218F5D3F20CA55A500328976 /* Assets.xcassets in Resources */ = {isa = PBXBuildFile; fileRef = 218F5D3E20CA55A500328976 /* Assets.xcassets */; };
		218F5D4220CA55A500328976 /* LaunchScreen.storyboard in Resources */ = {isa = PBXBuildFile; fileRef = 218F5D4020CA55A500328976 /* LaunchScreen.storyboard */; };
		218F5D4D20CA55A600328976 /* InteractiveNotificationTests.swift in Sources */ = {isa = PBXBuildFile; fileRef = 218F5D4C20CA55A600328976 /* InteractiveNotificationTests.swift */; };
		218F5D5820CA55A600328976 /* InteractiveNotificationUITests.swift in Sources */ = {isa = PBXBuildFile; fileRef = 218F5D5720CA55A600328976 /* InteractiveNotificationUITests.swift */; };
		21C47FD320CAD2CF008786FD /* puppy.jpg in Resources */ = {isa = PBXBuildFile; fileRef = 21C47FD220CAD2CF008786FD /* puppy.jpg */; };
/* End PBXBuildFile section */

/* Begin PBXContainerItemProxy section */
		2160417220DA3FCD002C3582 /* PBXContainerItemProxy */ = {
			isa = PBXContainerItemProxy;
			containerPortal = 218F5D2C20CA55A500328976 /* Project object */;
			proxyType = 1;
			remoteGlobalIDString = 2160416C20DA3FCD002C3582;
			remoteInfo = NotificationService;
		};
		2160418A20DA3FE5002C3582 /* PBXContainerItemProxy */ = {
			isa = PBXContainerItemProxy;
			containerPortal = 218F5D2C20CA55A500328976 /* Project object */;
			proxyType = 1;
			remoteGlobalIDString = 2160417C20DA3FE4002C3582;
			remoteInfo = NotificationContent;
		};
		218F5D4920CA55A600328976 /* PBXContainerItemProxy */ = {
			isa = PBXContainerItemProxy;
			containerPortal = 218F5D2C20CA55A500328976 /* Project object */;
			proxyType = 1;
			remoteGlobalIDString = 218F5D3320CA55A500328976;
			remoteInfo = InteractiveNotification;
		};
		218F5D5420CA55A600328976 /* PBXContainerItemProxy */ = {
			isa = PBXContainerItemProxy;
			containerPortal = 218F5D2C20CA55A500328976 /* Project object */;
			proxyType = 1;
			remoteGlobalIDString = 218F5D3320CA55A500328976;
			remoteInfo = InteractiveNotification;
		};
/* End PBXContainerItemProxy section */

/* Begin PBXCopyFilesBuildPhase section */
		2160417820DA3FCD002C3582 /* Embed App Extensions */ = {
			isa = PBXCopyFilesBuildPhase;
			buildActionMask = 2147483647;
			dstPath = "";
			dstSubfolderSpec = 13;
			files = (
				2160417420DA3FCD002C3582 /* NotificationService.appex in Embed App Extensions */,
				2160418C20DA3FE5002C3582 /* NotificationContent.appex in Embed App Extensions */,
			);
			name = "Embed App Extensions";
			runOnlyForDeploymentPostprocessing = 0;
		};
/* End PBXCopyFilesBuildPhase section */

/* Begin PBXFileReference section */
		2160416D20DA3FCD002C3582 /* NotificationService.appex */ = {isa = PBXFileReference; explicitFileType = "wrapper.app-extension"; includeInIndex = 0; path = NotificationService.appex; sourceTree = BUILT_PRODUCTS_DIR; };
		2160416F20DA3FCD002C3582 /* NotificationService.swift */ = {isa = PBXFileReference; lastKnownFileType = sourcecode.swift; path = NotificationService.swift; sourceTree = "<group>"; };
		2160417120DA3FCD002C3582 /* Info.plist */ = {isa = PBXFileReference; lastKnownFileType = text.plist.xml; path = Info.plist; sourceTree = "<group>"; };
		2160417D20DA3FE4002C3582 /* NotificationContent.appex */ = {isa = PBXFileReference; explicitFileType = "wrapper.app-extension"; includeInIndex = 0; path = NotificationContent.appex; sourceTree = BUILT_PRODUCTS_DIR; };
		2160417F20DA3FE5002C3582 /* UserNotifications.framework */ = {isa = PBXFileReference; lastKnownFileType = wrapper.framework; name = UserNotifications.framework; path = System/Library/Frameworks/UserNotifications.framework; sourceTree = SDKROOT; };
		2160418120DA3FE5002C3582 /* UserNotificationsUI.framework */ = {isa = PBXFileReference; lastKnownFileType = wrapper.framework; name = UserNotificationsUI.framework; path = System/Library/Frameworks/UserNotificationsUI.framework; sourceTree = SDKROOT; };
		2160418420DA3FE5002C3582 /* NotificationViewController.swift */ = {isa = PBXFileReference; lastKnownFileType = sourcecode.swift; path = NotificationViewController.swift; sourceTree = "<group>"; };
		2160418720DA3FE5002C3582 /* Base */ = {isa = PBXFileReference; lastKnownFileType = file.storyboard; name = Base; path = Base.lproj/MainInterface.storyboard; sourceTree = "<group>"; };
		2160418920DA3FE5002C3582 /* Info.plist */ = {isa = PBXFileReference; lastKnownFileType = text.plist.xml; path = Info.plist; sourceTree = "<group>"; };
		2160419020DA4D39002C3582 /* NotificationDelegate.swift */ = {isa = PBXFileReference; lastKnownFileType = sourcecode.swift; path = NotificationDelegate.swift; sourceTree = "<group>"; };
		2160419220DA5970002C3582 /* InteractiveNotification.entitlements */ = {isa = PBXFileReference; lastKnownFileType = text.plist.entitlements; path = InteractiveNotification.entitlements; sourceTree = "<group>"; };
		218F5D3420CA55A500328976 /* InteractiveNotification.app */ = {isa = PBXFileReference; explicitFileType = wrapper.application; includeInIndex = 0; path = InteractiveNotification.app; sourceTree = BUILT_PRODUCTS_DIR; };
		218F5D3720CA55A500328976 /* AppDelegate.swift */ = {isa = PBXFileReference; lastKnownFileType = sourcecode.swift; path = AppDelegate.swift; sourceTree = "<group>"; };
		218F5D3920CA55A500328976 /* ViewController.swift */ = {isa = PBXFileReference; lastKnownFileType = sourcecode.swift; path = ViewController.swift; sourceTree = "<group>"; };
		218F5D3C20CA55A500328976 /* Base */ = {isa = PBXFileReference; lastKnownFileType = file.storyboard; name = Base; path = Base.lproj/Main.storyboard; sourceTree = "<group>"; };
		218F5D3E20CA55A500328976 /* Assets.xcassets */ = {isa = PBXFileReference; lastKnownFileType = folder.assetcatalog; path = Assets.xcassets; sourceTree = "<group>"; };
		218F5D4120CA55A500328976 /* Base */ = {isa = PBXFileReference; lastKnownFileType = file.storyboard; name = Base; path = Base.lproj/LaunchScreen.storyboard; sourceTree = "<group>"; };
		218F5D4320CA55A500328976 /* Info.plist */ = {isa = PBXFileReference; lastKnownFileType = text.plist.xml; path = Info.plist; sourceTree = "<group>"; };
		218F5D4820CA55A600328976 /* InteractiveNotificationTests.xctest */ = {isa = PBXFileReference; explicitFileType = wrapper.cfbundle; includeInIndex = 0; path = InteractiveNotificationTests.xctest; sourceTree = BUILT_PRODUCTS_DIR; };
		218F5D4C20CA55A600328976 /* InteractiveNotificationTests.swift */ = {isa = PBXFileReference; lastKnownFileType = sourcecode.swift; path = InteractiveNotificationTests.swift; sourceTree = "<group>"; };
		218F5D4E20CA55A600328976 /* Info.plist */ = {isa = PBXFileReference; lastKnownFileType = text.plist.xml; path = Info.plist; sourceTree = "<group>"; };
		218F5D5320CA55A600328976 /* InteractiveNotificationUITests.xctest */ = {isa = PBXFileReference; explicitFileType = wrapper.cfbundle; includeInIndex = 0; path = InteractiveNotificationUITests.xctest; sourceTree = BUILT_PRODUCTS_DIR; };
		218F5D5720CA55A600328976 /* InteractiveNotificationUITests.swift */ = {isa = PBXFileReference; lastKnownFileType = sourcecode.swift; path = InteractiveNotificationUITests.swift; sourceTree = "<group>"; };
		218F5D5920CA55A600328976 /* Info.plist */ = {isa = PBXFileReference; lastKnownFileType = text.plist.xml; path = Info.plist; sourceTree = "<group>"; };
		21C47FD220CAD2CF008786FD /* puppy.jpg */ = {isa = PBXFileReference; lastKnownFileType = image.jpeg; name = puppy.jpg; path = Assets.xcassets/puppy.imageset/puppy.jpg; sourceTree = "<group>"; };
/* End PBXFileReference section */

/* Begin PBXFrameworksBuildPhase section */
		2160416A20DA3FCD002C3582 /* Frameworks */ = {
			isa = PBXFrameworksBuildPhase;
			buildActionMask = 2147483647;
			files = (
			);
			runOnlyForDeploymentPostprocessing = 0;
		};
		2160417A20DA3FE4002C3582 /* Frameworks */ = {
			isa = PBXFrameworksBuildPhase;
			buildActionMask = 2147483647;
			files = (
				2160418220DA3FE5002C3582 /* UserNotificationsUI.framework in Frameworks */,
				2160418020DA3FE5002C3582 /* UserNotifications.framework in Frameworks */,
			);
			runOnlyForDeploymentPostprocessing = 0;
		};
		218F5D3120CA55A500328976 /* Frameworks */ = {
			isa = PBXFrameworksBuildPhase;
			buildActionMask = 2147483647;
			files = (
			);
			runOnlyForDeploymentPostprocessing = 0;
		};
		218F5D4520CA55A600328976 /* Frameworks */ = {
			isa = PBXFrameworksBuildPhase;
			buildActionMask = 2147483647;
			files = (
			);
			runOnlyForDeploymentPostprocessing = 0;
		};
		218F5D5020CA55A600328976 /* Frameworks */ = {
			isa = PBXFrameworksBuildPhase;
			buildActionMask = 2147483647;
			files = (
			);
			runOnlyForDeploymentPostprocessing = 0;
		};
/* End PBXFrameworksBuildPhase section */

/* Begin PBXGroup section */
		2160416E20DA3FCD002C3582 /* NotificationService */ = {
			isa = PBXGroup;
			children = (
				2160416F20DA3FCD002C3582 /* NotificationService.swift */,
				2160417120DA3FCD002C3582 /* Info.plist */,
			);
			path = NotificationService;
			sourceTree = "<group>";
		};
		2160417E20DA3FE5002C3582 /* Frameworks */ = {
			isa = PBXGroup;
			children = (
				2160417F20DA3FE5002C3582 /* UserNotifications.framework */,
				2160418120DA3FE5002C3582 /* UserNotificationsUI.framework */,
			);
			name = Frameworks;
			sourceTree = "<group>";
		};
		2160418320DA3FE5002C3582 /* NotificationContent */ = {
			isa = PBXGroup;
			children = (
				2160418420DA3FE5002C3582 /* NotificationViewController.swift */,
				2160418620DA3FE5002C3582 /* MainInterface.storyboard */,
				2160418920DA3FE5002C3582 /* Info.plist */,
			);
			path = NotificationContent;
			sourceTree = "<group>";
		};
		218F5D2B20CA55A500328976 = {
			isa = PBXGroup;
			children = (
				218F5D3620CA55A500328976 /* InteractiveNotification */,
				2160416E20DA3FCD002C3582 /* NotificationService */,
				2160418320DA3FE5002C3582 /* NotificationContent */,
				218F5D4B20CA55A600328976 /* InteractiveNotificationTests */,
				218F5D5620CA55A600328976 /* InteractiveNotificationUITests */,
				2160417E20DA3FE5002C3582 /* Frameworks */,
				218F5D3520CA55A500328976 /* Products */,
			);
			sourceTree = "<group>";
		};
		218F5D3520CA55A500328976 /* Products */ = {
			isa = PBXGroup;
			children = (
				218F5D3420CA55A500328976 /* InteractiveNotification.app */,
				218F5D4820CA55A600328976 /* InteractiveNotificationTests.xctest */,
				218F5D5320CA55A600328976 /* InteractiveNotificationUITests.xctest */,
				2160416D20DA3FCD002C3582 /* NotificationService.appex */,
				2160417D20DA3FE4002C3582 /* NotificationContent.appex */,
			);
			name = Products;
			sourceTree = "<group>";
		};
		218F5D3620CA55A500328976 /* InteractiveNotification */ = {
			isa = PBXGroup;
			children = (
				2160419220DA5970002C3582 /* InteractiveNotification.entitlements */,
				218F5D3720CA55A500328976 /* AppDelegate.swift */,
				2160419020DA4D39002C3582 /* NotificationDelegate.swift */,
				218F5D3920CA55A500328976 /* ViewController.swift */,
				218F5D3B20CA55A500328976 /* Main.storyboard */,
				21C47FD220CAD2CF008786FD /* puppy.jpg */,
				218F5D3E20CA55A500328976 /* Assets.xcassets */,
				218F5D4020CA55A500328976 /* LaunchScreen.storyboard */,
				218F5D4320CA55A500328976 /* Info.plist */,
			);
			path = InteractiveNotification;
			sourceTree = "<group>";
		};
		218F5D4B20CA55A600328976 /* InteractiveNotificationTests */ = {
			isa = PBXGroup;
			children = (
				218F5D4C20CA55A600328976 /* InteractiveNotificationTests.swift */,
				218F5D4E20CA55A600328976 /* Info.plist */,
			);
			path = InteractiveNotificationTests;
			sourceTree = "<group>";
		};
		218F5D5620CA55A600328976 /* InteractiveNotificationUITests */ = {
			isa = PBXGroup;
			children = (
				218F5D5720CA55A600328976 /* InteractiveNotificationUITests.swift */,
				218F5D5920CA55A600328976 /* Info.plist */,
			);
			path = InteractiveNotificationUITests;
			sourceTree = "<group>";
		};
/* End PBXGroup section */

/* Begin PBXNativeTarget section */
		2160416C20DA3FCD002C3582 /* NotificationService */ = {
			isa = PBXNativeTarget;
			buildConfigurationList = 2160417720DA3FCD002C3582 /* Build configuration list for PBXNativeTarget "NotificationService" */;
			buildPhases = (
				2160416920DA3FCD002C3582 /* Sources */,
				2160416A20DA3FCD002C3582 /* Frameworks */,
				2160416B20DA3FCD002C3582 /* Resources */,
			);
			buildRules = (
			);
			dependencies = (
			);
			name = NotificationService;
			productName = NotificationService;
			productReference = 2160416D20DA3FCD002C3582 /* NotificationService.appex */;
			productType = "com.apple.product-type.app-extension";
		};
		2160417C20DA3FE4002C3582 /* NotificationContent */ = {
			isa = PBXNativeTarget;
			buildConfigurationList = 2160418D20DA3FE5002C3582 /* Build configuration list for PBXNativeTarget "NotificationContent" */;
			buildPhases = (
				2160417920DA3FE4002C3582 /* Sources */,
				2160417A20DA3FE4002C3582 /* Frameworks */,
				2160417B20DA3FE4002C3582 /* Resources */,
			);
			buildRules = (
			);
			dependencies = (
			);
			name = NotificationContent;
			productName = NotificationContent;
			productReference = 2160417D20DA3FE4002C3582 /* NotificationContent.appex */;
			productType = "com.apple.product-type.app-extension";
		};
		218F5D3320CA55A500328976 /* InteractiveNotification */ = {
			isa = PBXNativeTarget;
			buildConfigurationList = 218F5D5C20CA55A600328976 /* Build configuration list for PBXNativeTarget "InteractiveNotification" */;
			buildPhases = (
				218F5D3020CA55A500328976 /* Sources */,
				218F5D3120CA55A500328976 /* Frameworks */,
				218F5D3220CA55A500328976 /* Resources */,
				2160417820DA3FCD002C3582 /* Embed App Extensions */,
			);
			buildRules = (
			);
			dependencies = (
				2160417320DA3FCD002C3582 /* PBXTargetDependency */,
				2160418B20DA3FE5002C3582 /* PBXTargetDependency */,
			);
			name = InteractiveNotification;
			productName = InteractiveNotification;
			productReference = 218F5D3420CA55A500328976 /* InteractiveNotification.app */;
			productType = "com.apple.product-type.application";
		};
		218F5D4720CA55A600328976 /* InteractiveNotificationTests */ = {
			isa = PBXNativeTarget;
			buildConfigurationList = 218F5D5F20CA55A600328976 /* Build configuration list for PBXNativeTarget "InteractiveNotificationTests" */;
			buildPhases = (
				218F5D4420CA55A600328976 /* Sources */,
				218F5D4520CA55A600328976 /* Frameworks */,
				218F5D4620CA55A600328976 /* Resources */,
			);
			buildRules = (
			);
			dependencies = (
				218F5D4A20CA55A600328976 /* PBXTargetDependency */,
			);
			name = InteractiveNotificationTests;
			productName = InteractiveNotificationTests;
			productReference = 218F5D4820CA55A600328976 /* InteractiveNotificationTests.xctest */;
			productType = "com.apple.product-type.bundle.unit-test";
		};
		218F5D5220CA55A600328976 /* InteractiveNotificationUITests */ = {
			isa = PBXNativeTarget;
			buildConfigurationList = 218F5D6220CA55A600328976 /* Build configuration list for PBXNativeTarget "InteractiveNotificationUITests" */;
			buildPhases = (
				218F5D4F20CA55A600328976 /* Sources */,
				218F5D5020CA55A600328976 /* Frameworks */,
				218F5D5120CA55A600328976 /* Resources */,
			);
			buildRules = (
			);
			dependencies = (
				218F5D5520CA55A600328976 /* PBXTargetDependency */,
			);
			name = InteractiveNotificationUITests;
			productName = InteractiveNotificationUITests;
			productReference = 218F5D5320CA55A600328976 /* InteractiveNotificationUITests.xctest */;
			productType = "com.apple.product-type.bundle.ui-testing";
		};
/* End PBXNativeTarget section */

/* Begin PBXProject section */
		218F5D2C20CA55A500328976 /* Project object */ = {
			isa = PBXProject;
			attributes = {
				LastSwiftUpdateCheck = 0920;
				LastUpgradeCheck = 0920;
				ORGANIZATIONNAME = experion;
				TargetAttributes = {
					2160416C20DA3FCD002C3582 = {
						CreatedOnToolsVersion = 9.2;
						ProvisioningStyle = Manual;
					};
					2160417C20DA3FE4002C3582 = {
						CreatedOnToolsVersion = 9.2;
						ProvisioningStyle = Manual;
					};
					218F5D3320CA55A500328976 = {
						CreatedOnToolsVersion = 9.2;
						ProvisioningStyle = Manual;
						SystemCapabilities = {
							com.apple.Push = {
								enabled = 1;
							};
						};
					};
					218F5D4720CA55A600328976 = {
						CreatedOnToolsVersion = 9.2;
						ProvisioningStyle = Automatic;
						TestTargetID = 218F5D3320CA55A500328976;
					};
					218F5D5220CA55A600328976 = {
						CreatedOnToolsVersion = 9.2;
						ProvisioningStyle = Automatic;
						TestTargetID = 218F5D3320CA55A500328976;
					};
				};
			};
			buildConfigurationList = 218F5D2F20CA55A500328976 /* Build configuration list for PBXProject "InteractiveNotification" */;
			compatibilityVersion = "Xcode 8.0";
			developmentRegion = en;
			hasScannedForEncodings = 0;
			knownRegions = (
				en,
				Base,
			);
			mainGroup = 218F5D2B20CA55A500328976;
			productRefGroup = 218F5D3520CA55A500328976 /* Products */;
			projectDirPath = "";
			projectRoot = "";
			targets = (
				218F5D3320CA55A500328976 /* InteractiveNotification */,
				218F5D4720CA55A600328976 /* InteractiveNotificationTests */,
				218F5D5220CA55A600328976 /* InteractiveNotificationUITests */,
				2160416C20DA3FCD002C3582 /* NotificationService */,
				2160417C20DA3FE4002C3582 /* NotificationContent */,
			);
		};
/* End PBXProject section */

/* Begin PBXResourcesBuildPhase section */
		2160416B20DA3FCD002C3582 /* Resources */ = {
			isa = PBXResourcesBuildPhase;
			buildActionMask = 2147483647;
			files = (
			);
			runOnlyForDeploymentPostprocessing = 0;
		};
		2160417B20DA3FE4002C3582 /* Resources */ = {
			isa = PBXResourcesBuildPhase;
			buildActionMask = 2147483647;
			files = (
				2160418820DA3FE5002C3582 /* MainInterface.storyboard in Resources */,
			);
			runOnlyForDeploymentPostprocessing = 0;
		};
		218F5D3220CA55A500328976 /* Resources */ = {
			isa = PBXResourcesBuildPhase;
			buildActionMask = 2147483647;
			files = (
				21C47FD320CAD2CF008786FD /* puppy.jpg in Resources */,
				218F5D4220CA55A500328976 /* LaunchScreen.storyboard in Resources */,
				218F5D3F20CA55A500328976 /* Assets.xcassets in Resources */,
				218F5D3D20CA55A500328976 /* Main.storyboard in Resources */,
			);
			runOnlyForDeploymentPostprocessing = 0;
		};
		218F5D4620CA55A600328976 /* Resources */ = {
			isa = PBXResourcesBuildPhase;
			buildActionMask = 2147483647;
			files = (
			);
			runOnlyForDeploymentPostprocessing = 0;
		};
		218F5D5120CA55A600328976 /* Resources */ = {
			isa = PBXResourcesBuildPhase;
			buildActionMask = 2147483647;
			files = (
			);
			runOnlyForDeploymentPostprocessing = 0;
		};
/* End PBXResourcesBuildPhase section */

/* Begin PBXSourcesBuildPhase section */
		2160416920DA3FCD002C3582 /* Sources */ = {
			isa = PBXSourcesBuildPhase;
			buildActionMask = 2147483647;
			files = (
				2160417020DA3FCD002C3582 /* NotificationService.swift in Sources */,
			);
			runOnlyForDeploymentPostprocessing = 0;
		};
		2160417920DA3FE4002C3582 /* Sources */ = {
			isa = PBXSourcesBuildPhase;
			buildActionMask = 2147483647;
			files = (
				2160418520DA3FE5002C3582 /* NotificationViewController.swift in Sources */,
			);
			runOnlyForDeploymentPostprocessing = 0;
		};
		218F5D3020CA55A500328976 /* Sources */ = {
			isa = PBXSourcesBuildPhase;
			buildActionMask = 2147483647;
			files = (
				218F5D3A20CA55A500328976 /* ViewController.swift in Sources */,
				2160419120DA4D39002C3582 /* NotificationDelegate.swift in Sources */,
				218F5D3820CA55A500328976 /* AppDelegate.swift in Sources */,
			);
			runOnlyForDeploymentPostprocessing = 0;
		};
		218F5D4420CA55A600328976 /* Sources */ = {
			isa = PBXSourcesBuildPhase;
			buildActionMask = 2147483647;
			files = (
				218F5D4D20CA55A600328976 /* InteractiveNotificationTests.swift in Sources */,
			);
			runOnlyForDeploymentPostprocessing = 0;
		};
		218F5D4F20CA55A600328976 /* Sources */ = {
			isa = PBXSourcesBuildPhase;
			buildActionMask = 2147483647;
			files = (
				218F5D5820CA55A600328976 /* InteractiveNotificationUITests.swift in Sources */,
			);
			runOnlyForDeploymentPostprocessing = 0;
		};
/* End PBXSourcesBuildPhase section */

/* Begin PBXTargetDependency section */
		2160417320DA3FCD002C3582 /* PBXTargetDependency */ = {
			isa = PBXTargetDependency;
			target = 2160416C20DA3FCD002C3582 /* NotificationService */;
			targetProxy = 2160417220DA3FCD002C3582 /* PBXContainerItemProxy */;
		};
		2160418B20DA3FE5002C3582 /* PBXTargetDependency */ = {
			isa = PBXTargetDependency;
			target = 2160417C20DA3FE4002C3582 /* NotificationContent */;
			targetProxy = 2160418A20DA3FE5002C3582 /* PBXContainerItemProxy */;
		};
		218F5D4A20CA55A600328976 /* PBXTargetDependency */ = {
			isa = PBXTargetDependency;
			target = 218F5D3320CA55A500328976 /* InteractiveNotification */;
			targetProxy = 218F5D4920CA55A600328976 /* PBXContainerItemProxy */;
		};
		218F5D5520CA55A600328976 /* PBXTargetDependency */ = {
			isa = PBXTargetDependency;
			target = 218F5D3320CA55A500328976 /* InteractiveNotification */;
			targetProxy = 218F5D5420CA55A600328976 /* PBXContainerItemProxy */;
		};
/* End PBXTargetDependency section */

/* Begin PBXVariantGroup section */
		2160418620DA3FE5002C3582 /* MainInterface.storyboard */ = {
			isa = PBXVariantGroup;
			children = (
				2160418720DA3FE5002C3582 /* Base */,
			);
			name = MainInterface.storyboard;
			sourceTree = "<group>";
		};
		218F5D3B20CA55A500328976 /* Main.storyboard */ = {
			isa = PBXVariantGroup;
			children = (
				218F5D3C20CA55A500328976 /* Base */,
			);
			name = Main.storyboard;
			sourceTree = "<group>";
		};
		218F5D4020CA55A500328976 /* LaunchScreen.storyboard */ = {
			isa = PBXVariantGroup;
			children = (
				218F5D4120CA55A500328976 /* Base */,
			);
			name = LaunchScreen.storyboard;
			sourceTree = "<group>";
		};
/* End PBXVariantGroup section */

/* Begin XCBuildConfiguration section */
		2160417520DA3FCD002C3582 /* Debug */ = {
			isa = XCBuildConfiguration;
			buildSettings = {
				"CODE_SIGN_IDENTITY[sdk=iphoneos*]" = "iPhone Developer";
				CODE_SIGN_STYLE = Manual;
				DEVELOPMENT_TEAM = VCNU9JH4ZR;
				INFOPLIST_FILE = NotificationService/Info.plist;
				LD_RUNPATH_SEARCH_PATHS = "$(inherited) @executable_path/Frameworks @executable_path/../../Frameworks";
				PRODUCT_BUNDLE_IDENTIFIER = com.maritus.marinfo.NotificationService;
				PRODUCT_NAME = "$(TARGET_NAME)";
				PROVISIONING_PROFILE = "debaef52-dfd9-4a07-90de-17ed922ba12e";
				PROVISIONING_PROFILE_SPECIFIER = "NotificationService Dev";
				SKIP_INSTALL = YES;
				SWIFT_VERSION = 4.0;
				TARGETED_DEVICE_FAMILY = "1,2";
			};
			name = Debug;
		};
		2160417620DA3FCD002C3582 /* Release */ = {
			isa = XCBuildConfiguration;
			buildSettings = {
				"CODE_SIGN_IDENTITY[sdk=iphoneos*]" = "iPhone Developer";
				CODE_SIGN_STYLE = Manual;
				DEVELOPMENT_TEAM = VCNU9JH4ZR;
				INFOPLIST_FILE = NotificationService/Info.plist;
				LD_RUNPATH_SEARCH_PATHS = "$(inherited) @executable_path/Frameworks @executable_path/../../Frameworks";
				PRODUCT_BUNDLE_IDENTIFIER = com.maritus.marinfo.NotificationService;
				PRODUCT_NAME = "$(TARGET_NAME)";
				PROVISIONING_PROFILE = "debaef52-dfd9-4a07-90de-17ed922ba12e";
				PROVISIONING_PROFILE_SPECIFIER = "NotificationService Dev";
				SKIP_INSTALL = YES;
				SWIFT_VERSION = 4.0;
				TARGETED_DEVICE_FAMILY = "1,2";
			};
			name = Release;
		};
		2160418E20DA3FE5002C3582 /* Debug */ = {
			isa = XCBuildConfiguration;
			buildSettings = {
				CODE_SIGN_STYLE = Manual;
				DEVELOPMENT_TEAM = VCNU9JH4ZR;
				INFOPLIST_FILE = NotificationContent/Info.plist;
				LD_RUNPATH_SEARCH_PATHS = "$(inherited) @executable_path/Frameworks @executable_path/../../Frameworks";
				PRODUCT_BUNDLE_IDENTIFIER = com.maritus.marinfo.NotificationContent;
				PRODUCT_NAME = "$(TARGET_NAME)";
				PROVISIONING_PROFILE = "5efedbeb-7dc8-4190-afe0-53bc6a43c180";
				PROVISIONING_PROFILE_SPECIFIER = "NotificationContent Dev";
				SKIP_INSTALL = YES;
				SWIFT_VERSION = 4.0;
				TARGETED_DEVICE_FAMILY = "1,2";
			};
			name = Debug;
		};
		2160418F20DA3FE5002C3582 /* Release */ = {
			isa = XCBuildConfiguration;
			buildSettings = {
				CODE_SIGN_STYLE = Manual;
				DEVELOPMENT_TEAM = VCNU9JH4ZR;
				INFOPLIST_FILE = NotificationContent/Info.plist;
				LD_RUNPATH_SEARCH_PATHS = "$(inherited) @executable_path/Frameworks @executable_path/../../Frameworks";
				PRODUCT_BUNDLE_IDENTIFIER = com.maritus.marinfo.NotificationContent;
				PRODUCT_NAME = "$(TARGET_NAME)";
				PROVISIONING_PROFILE = "5efedbeb-7dc8-4190-afe0-53bc6a43c180";
				PROVISIONING_PROFILE_SPECIFIER = "NotificationContent Dev";
				SKIP_INSTALL = YES;
				SWIFT_VERSION = 4.0;
				TARGETED_DEVICE_FAMILY = "1,2";
			};
			name = Release;
		};
		218F5D5A20CA55A600328976 /* Debug */ = {
			isa = XCBuildConfiguration;
			buildSettings = {
				ALWAYS_SEARCH_USER_PATHS = NO;
				CLANG_ANALYZER_NONNULL = YES;
				CLANG_ANALYZER_NUMBER_OBJECT_CONVERSION = YES_AGGRESSIVE;
				CLANG_CXX_LANGUAGE_STANDARD = "gnu++14";
				CLANG_CXX_LIBRARY = "libc++";
				CLANG_ENABLE_MODULES = YES;
				CLANG_ENABLE_OBJC_ARC = YES;
				CLANG_WARN_BLOCK_CAPTURE_AUTORELEASING = YES;
				CLANG_WARN_BOOL_CONVERSION = YES;
				CLANG_WARN_COMMA = YES;
				CLANG_WARN_CONSTANT_CONVERSION = YES;
				CLANG_WARN_DIRECT_OBJC_ISA_USAGE = YES_ERROR;
				CLANG_WARN_DOCUMENTATION_COMMENTS = YES;
				CLANG_WARN_EMPTY_BODY = YES;
				CLANG_WARN_ENUM_CONVERSION = YES;
				CLANG_WARN_INFINITE_RECURSION = YES;
				CLANG_WARN_INT_CONVERSION = YES;
				CLANG_WARN_NON_LITERAL_NULL_CONVERSION = YES;
				CLANG_WARN_OBJC_LITERAL_CONVERSION = YES;
				CLANG_WARN_OBJC_ROOT_CLASS = YES_ERROR;
				CLANG_WARN_RANGE_LOOP_ANALYSIS = YES;
				CLANG_WARN_STRICT_PROTOTYPES = YES;
				CLANG_WARN_SUSPICIOUS_MOVE = YES;
				CLANG_WARN_UNGUARDED_AVAILABILITY = YES_AGGRESSIVE;
				CLANG_WARN_UNREACHABLE_CODE = YES;
				CLANG_WARN__DUPLICATE_METHOD_MATCH = YES;
				CODE_SIGN_IDENTITY = "iPhone Developer: Sijas salim (N6AVA9F72H)";
				COPY_PHASE_STRIP = NO;
				DEBUG_INFORMATION_FORMAT = dwarf;
				ENABLE_STRICT_OBJC_MSGSEND = YES;
				ENABLE_TESTABILITY = YES;
				GCC_C_LANGUAGE_STANDARD = gnu11;
				GCC_DYNAMIC_NO_PIC = NO;
				GCC_NO_COMMON_BLOCKS = YES;
				GCC_OPTIMIZATION_LEVEL = 0;
				GCC_PREPROCESSOR_DEFINITIONS = (
					"DEBUG=1",
					"$(inherited)",
				);
				GCC_WARN_64_TO_32_BIT_CONVERSION = YES;
				GCC_WARN_ABOUT_RETURN_TYPE = YES_ERROR;
				GCC_WARN_UNDECLARED_SELECTOR = YES;
				GCC_WARN_UNINITIALIZED_AUTOS = YES_AGGRESSIVE;
				GCC_WARN_UNUSED_FUNCTION = YES;
				GCC_WARN_UNUSED_VARIABLE = YES;
				IPHONEOS_DEPLOYMENT_TARGET = 11.2;
				MTL_ENABLE_DEBUG_INFO = YES;
				ONLY_ACTIVE_ARCH = YES;
				SDKROOT = iphoneos;
				SWIFT_ACTIVE_COMPILATION_CONDITIONS = DEBUG;
				SWIFT_OPTIMIZATION_LEVEL = "-Onone";
			};
			name = Debug;
		};
		218F5D5B20CA55A600328976 /* Release */ = {
			isa = XCBuildConfiguration;
			buildSettings = {
				ALWAYS_SEARCH_USER_PATHS = NO;
				CLANG_ANALYZER_NONNULL = YES;
				CLANG_ANALYZER_NUMBER_OBJECT_CONVERSION = YES_AGGRESSIVE;
				CLANG_CXX_LANGUAGE_STANDARD = "gnu++14";
				CLANG_CXX_LIBRARY = "libc++";
				CLANG_ENABLE_MODULES = YES;
				CLANG_ENABLE_OBJC_ARC = YES;
				CLANG_WARN_BLOCK_CAPTURE_AUTORELEASING = YES;
				CLANG_WARN_BOOL_CONVERSION = YES;
				CLANG_WARN_COMMA = YES;
				CLANG_WARN_CONSTANT_CONVERSION = YES;
				CLANG_WARN_DIRECT_OBJC_ISA_USAGE = YES_ERROR;
				CLANG_WARN_DOCUMENTATION_COMMENTS = YES;
				CLANG_WARN_EMPTY_BODY = YES;
				CLANG_WARN_ENUM_CONVERSION = YES;
				CLANG_WARN_INFINITE_RECURSION = YES;
				CLANG_WARN_INT_CONVERSION = YES;
				CLANG_WARN_NON_LITERAL_NULL_CONVERSION = YES;
				CLANG_WARN_OBJC_LITERAL_CONVERSION = YES;
				CLANG_WARN_OBJC_ROOT_CLASS = YES_ERROR;
				CLANG_WARN_RANGE_LOOP_ANALYSIS = YES;
				CLANG_WARN_STRICT_PROTOTYPES = YES;
				CLANG_WARN_SUSPICIOUS_MOVE = YES;
				CLANG_WARN_UNGUARDED_AVAILABILITY = YES_AGGRESSIVE;
				CLANG_WARN_UNREACHABLE_CODE = YES;
				CLANG_WARN__DUPLICATE_METHOD_MATCH = YES;
				CODE_SIGN_IDENTITY = "iPhone Developer: Sijas salim (N6AVA9F72H)";
				COPY_PHASE_STRIP = NO;
				DEBUG_INFORMATION_FORMAT = "dwarf-with-dsym";
				ENABLE_NS_ASSERTIONS = NO;
				ENABLE_STRICT_OBJC_MSGSEND = YES;
				GCC_C_LANGUAGE_STANDARD = gnu11;
				GCC_NO_COMMON_BLOCKS = YES;
				GCC_WARN_64_TO_32_BIT_CONVERSION = YES;
				GCC_WARN_ABOUT_RETURN_TYPE = YES_ERROR;
				GCC_WARN_UNDECLARED_SELECTOR = YES;
				GCC_WARN_UNINITIALIZED_AUTOS = YES_AGGRESSIVE;
				GCC_WARN_UNUSED_FUNCTION = YES;
				GCC_WARN_UNUSED_VARIABLE = YES;
				IPHONEOS_DEPLOYMENT_TARGET = 11.2;
				MTL_ENABLE_DEBUG_INFO = NO;
				SDKROOT = iphoneos;
				SWIFT_OPTIMIZATION_LEVEL = "-Owholemodule";
				VALIDATE_PRODUCT = YES;
			};
			name = Release;
		};
		218F5D5D20CA55A600328976 /* Debug */ = {
			isa = XCBuildConfiguration;
			buildSettings = {
				ALWAYS_EMBED_SWIFT_STANDARD_LIBRARIES = YES;
				ASSETCATALOG_COMPILER_APPICON_NAME = AppIcon;
				CODE_SIGN_ENTITLEMENTS = InteractiveNotification/InteractiveNotification.entitlements;
				CODE_SIGN_STYLE = Manual;
				DEVELOPMENT_TEAM = VCNU9JH4ZR;
				INFOPLIST_FILE = InteractiveNotification/Info.plist;
				LD_RUNPATH_SEARCH_PATHS = "$(inherited) @executable_path/Frameworks";
				PRODUCT_BUNDLE_IDENTIFIER = com.maritus.marinfo;
				PRODUCT_NAME = "$(TARGET_NAME)";
				PROVISIONING_PROFILE = "ff65befe-44e0-4226-b543-d3ac29134373";
				PROVISIONING_PROFILE_SPECIFIER = "Marinfo Dev";
				SWIFT_VERSION = 4.0;
				TARGETED_DEVICE_FAMILY = "1,2";
			};
			name = Debug;
		};
		218F5D5E20CA55A600328976 /* Release */ = {
			isa = XCBuildConfiguration;
			buildSettings = {
				ALWAYS_EMBED_SWIFT_STANDARD_LIBRARIES = YES;
				ASSETCATALOG_COMPILER_APPICON_NAME = AppIcon;
				CODE_SIGN_ENTITLEMENTS = InteractiveNotification/InteractiveNotification.entitlements;
				CODE_SIGN_STYLE = Manual;
				DEVELOPMENT_TEAM = VCNU9JH4ZR;
				INFOPLIST_FILE = InteractiveNotification/Info.plist;
				LD_RUNPATH_SEARCH_PATHS = "$(inherited) @executable_path/Frameworks";
				PRODUCT_BUNDLE_IDENTIFIER = com.maritus.marinfo;
				PRODUCT_NAME = "$(TARGET_NAME)";
				PROVISIONING_PROFILE = "ff65befe-44e0-4226-b543-d3ac29134373";
				PROVISIONING_PROFILE_SPECIFIER = "Marinfo Dev";
				SWIFT_VERSION = 4.0;
				TARGETED_DEVICE_FAMILY = "1,2";
			};
			name = Release;
		};
		218F5D6020CA55A600328976 /* Debug */ = {
			isa = XCBuildConfiguration;
			buildSettings = {
				ALWAYS_EMBED_SWIFT_STANDARD_LIBRARIES = YES;
				BUNDLE_LOADER = "$(TEST_HOST)";
				CODE_SIGN_STYLE = Automatic;
				DEVELOPMENT_TEAM = 6KLQA7GG45;
				INFOPLIST_FILE = InteractiveNotificationTests/Info.plist;
				LD_RUNPATH_SEARCH_PATHS = "$(inherited) @executable_path/Frameworks @loader_path/Frameworks";
				PRODUCT_BUNDLE_IDENTIFIER = com.experion.InteractiveNotificationTests;
				PRODUCT_NAME = "$(TARGET_NAME)";
				SWIFT_VERSION = 4.0;
				TARGETED_DEVICE_FAMILY = "1,2";
				TEST_HOST = "$(BUILT_PRODUCTS_DIR)/InteractiveNotification.app/InteractiveNotification";
			};
			name = Debug;
		};
		218F5D6120CA55A600328976 /* Release */ = {
			isa = XCBuildConfiguration;
			buildSettings = {
				ALWAYS_EMBED_SWIFT_STANDARD_LIBRARIES = YES;
				BUNDLE_LOADER = "$(TEST_HOST)";
				CODE_SIGN_STYLE = Automatic;
				DEVELOPMENT_TEAM = 6KLQA7GG45;
				INFOPLIST_FILE = InteractiveNotificationTests/Info.plist;
				LD_RUNPATH_SEARCH_PATHS = "$(inherited) @executable_path/Frameworks @loader_path/Frameworks";
				PRODUCT_BUNDLE_IDENTIFIER = com.experion.InteractiveNotificationTests;
				PRODUCT_NAME = "$(TARGET_NAME)";
				SWIFT_VERSION = 4.0;
				TARGETED_DEVICE_FAMILY = "1,2";
				TEST_HOST = "$(BUILT_PRODUCTS_DIR)/InteractiveNotification.app/InteractiveNotification";
			};
			name = Release;
		};
		218F5D6320CA55A600328976 /* Debug */ = {
			isa = XCBuildConfiguration;
			buildSettings = {
				ALWAYS_EMBED_SWIFT_STANDARD_LIBRARIES = YES;
				CODE_SIGN_STYLE = Automatic;
				DEVELOPMENT_TEAM = 6KLQA7GG45;
				INFOPLIST_FILE = InteractiveNotificationUITests/Info.plist;
				LD_RUNPATH_SEARCH_PATHS = "$(inherited) @executable_path/Frameworks @loader_path/Frameworks";
				PRODUCT_BUNDLE_IDENTIFIER = com.experion.InteractiveNotificationUITests;
				PRODUCT_NAME = "$(TARGET_NAME)";
				SWIFT_VERSION = 4.0;
				TARGETED_DEVICE_FAMILY = "1,2";
				TEST_TARGET_NAME = InteractiveNotification;
			};
			name = Debug;
		};
		218F5D6420CA55A600328976 /* Release */ = {
			isa = XCBuildConfiguration;
			buildSettings = {
				ALWAYS_EMBED_SWIFT_STANDARD_LIBRARIES = YES;
				CODE_SIGN_STYLE = Automatic;
				DEVELOPMENT_TEAM = 6KLQA7GG45;
				INFOPLIST_FILE = InteractiveNotificationUITests/Info.plist;
				LD_RUNPATH_SEARCH_PATHS = "$(inherited) @executable_path/Frameworks @loader_path/Frameworks";
				PRODUCT_BUNDLE_IDENTIFIER = com.experion.InteractiveNotificationUITests;
				PRODUCT_NAME = "$(TARGET_NAME)";
				SWIFT_VERSION = 4.0;
				TARGETED_DEVICE_FAMILY = "1,2";
				TEST_TARGET_NAME = InteractiveNotification;
			};
			name = Release;
		};
/* End XCBuildConfiguration section */

/* Begin XCConfigurationList section */
		2160417720DA3FCD002C3582 /* Build configuration list for PBXNativeTarget "NotificationService" */ = {
			isa = XCConfigurationList;
			buildConfigurations = (
				2160417520DA3FCD002C3582 /* Debug */,
				2160417620DA3FCD002C3582 /* Release */,
			);
			defaultConfigurationIsVisible = 0;
			defaultConfigurationName = Release;
		};
		2160418D20DA3FE5002C3582 /* Build configuration list for PBXNativeTarget "NotificationContent" */ = {
			isa = XCConfigurationList;
			buildConfigurations = (
				2160418E20DA3FE5002C3582 /* Debug */,
				2160418F20DA3FE5002C3582 /* Release */,
			);
			defaultConfigurationIsVisible = 0;
			defaultConfigurationName = Release;
		};
		218F5D2F20CA55A500328976 /* Build configuration list for PBXProject "InteractiveNotification" */ = {
			isa = XCConfigurationList;
			buildConfigurations = (
				218F5D5A20CA55A600328976 /* Debug */,
				218F5D5B20CA55A600328976 /* Release */,
			);
			defaultConfigurationIsVisible = 0;
			defaultConfigurationName = Release;
		};
		218F5D5C20CA55A600328976 /* Build configuration list for PBXNativeTarget "InteractiveNotification" */ = {
			isa = XCConfigurationList;
			buildConfigurations = (
				218F5D5D20CA55A600328976 /* Debug */,
				218F5D5E20CA55A600328976 /* Release */,
			);
			defaultConfigurationIsVisible = 0;
			defaultConfigurationName = Release;
		};
		218F5D5F20CA55A600328976 /* Build configuration list for PBXNativeTarget "InteractiveNotificationTests" */ = {
			isa = XCConfigurationList;
			buildConfigurations = (
				218F5D6020CA55A600328976 /* Debug */,
				218F5D6120CA55A600328976 /* Release */,
			);
			defaultConfigurationIsVisible = 0;
			defaultConfigurationName = Release;
		};
		218F5D6220CA55A600328976 /* Build configuration list for PBXNativeTarget "InteractiveNotificationUITests" */ = {
			isa = XCConfigurationList;
			buildConfigurations = (
				218F5D6320CA55A600328976 /* Debug */,
				218F5D6420CA55A600328976 /* Release */,
			);
			defaultConfigurationIsVisible = 0;
			defaultConfigurationName = Release;
		};
/* End XCConfigurationList section */
	};
	rootObject = 218F5D2C20CA55A500328976 /* Project object */;
}
